# This file is autogenerated, do not edit; changes may be undone by the next 'dep ensure'.


[[projects]]
  branch = "master"
  digest = "1:b613cab267b793042ce8f7e1d5b14baa7f77f4a574b1a06aff7b904576334dbe"
  name = "google.golang.org/api"
  packages = [
    "gensupport",
    "googleapi",
    "googleapi/internal/uritemplates",
    "googleapi/transport",
    "vision/v1",
  ]
  pruneopts = "UT"
  revision = "0a71a4356c3f4bcbdd16294c78ca2a31fda36cca"

[solve-meta]
  analyzer-name = "dep"
  analyzer-version = 1
  input-imports = [
    "google.golang.org/api/googleapi/transport",
    "google.golang.org/api/vision/v1",
  ]
  solver-name = "gps-cdcl"
  solver-version = 1
